
Microsoft Visual Studio Solution File, Format Version 12.00
# Visual Studio Version 17
VisualStudioVersion = 17.11.35312.102
MinimumVisualStudioVersion = 10.0.40219.1
Project("{9A19103F-16F7-4668-BE54-9A1E7A4F7556}") = "PratikLinq", "PratikLinq\PratikLinq.csproj", "{9E9F8558-90E5-483D-8091-8B396E0F779A}"
EndProject
Project("{FAE04EC0-301F-11D3-BF4B-00C04F79EFBC}") = "PatikafyMuzik", "PatikafyMuzik\PatikafyMuzik.csproj", "{AF511C65-2954-481D-903C-36B1952386CE}"
EndProject
Project("{FAE04EC0-301F-11D3-BF4B-00C04F79EFBC}") = "Pratik - Patikaflix Diziler Platformu", "Pratik - Patikaflix Diziler Platformu\Pratik - Patikaflix Diziler Platformu.csproj", "{4EF11A86-111F-4028-BB4A-BEA40D9F10D6}"
EndProject
Project("{FAE04EC0-301F-11D3-BF4B-00C04F79EFBC}") = "Pratik LinqJoin", "Pratik LinqJoin\Pratik LinqJoin.csproj", "{544D3C5E-CACB-40BC-B024-B6728A256A23}"
EndProject
Project("{FAE04EC0-301F-11D3-BF4B-00C04F79EFBC}") = "PratikLinqGroupJoin", "PratikLinqGroupJoin\PratikLinqGroupJoin.csproj", "{6CFAF19F-36C2-4FAB-A159-CBE82C1EE20B}"
EndProject
Global
	GlobalSection(SolutionConfigurationPlatforms) = preSolution
		Debug|Any CPU = Debug|Any CPU
		Release|Any CPU = Release|Any CPU
	EndGlobalSection
	GlobalSection(ProjectConfigurationPlatforms) = postSolution
		{9E9F8558-90E5-483D-8091-8B396E0F779A}.Debug|Any CPU.ActiveCfg = Debug|Any CPU
		{9E9F8558-90E5-483D-8091-8B396E0F779A}.Debug|Any CPU.Build.0 = Debug|Any CPU
		{9E9F8558-90E5-483D-8091-8B396E0F779A}.Release|Any CPU.ActiveCfg = Release|Any CPU
		{9E9F8558-90E5-483D-8091-8B396E0F779A}.Release|Any CPU.Build.0 = Release|Any CPU
		{AF511C65-2954-481D-903C-36B1952386CE}.Debug|Any CPU.ActiveCfg = Debug|Any CPU
		{AF511C65-2954-481D-903C-36B1952386CE}.Debug|Any CPU.Build.0 = Debug|Any CPU
		{AF511C65-2954-481D-903C-36B1952386CE}.Release|Any CPU.ActiveCfg = Release|Any CPU
		{AF511C65-2954-481D-903C-36B1952386CE}.Release|Any CPU.Build.0 = Release|Any CPU
		{4EF11A86-111F-4028-BB4A-BEA40D9F10D6}.Debug|Any CPU.ActiveCfg = Debug|Any CPU
		{4EF11A86-111F-4028-BB4A-BEA40D9F10D6}.Debug|Any CPU.Build.0 = Debug|Any CPU
		{4EF11A86-111F-4028-BB4A-BEA40D9F10D6}.Release|Any CPU.ActiveCfg = Release|Any CPU
		{4EF11A86-111F-4028-BB4A-BEA40D9F10D6}.Release|Any CPU.Build.0 = Release|Any CPU
		{544D3C5E-CACB-40BC-B024-B6728A256A23}.Debug|Any CPU.ActiveCfg = Debug|Any CPU
		{544D3C5E-CACB-40BC-B024-B6728A256A23}.Debug|Any CPU.Build.0 = Debug|Any CPU
		{544D3C5E-CACB-40BC-B024-B6728A256A23}.Release|Any CPU.ActiveCfg = Release|Any CPU
		{544D3C5E-CACB-40BC-B024-B6728A256A23}.Release|Any CPU.Build.0 = Release|Any CPU
		{6CFAF19F-36C2-4FAB-A159-CBE82C1EE20B}.Debug|Any CPU.ActiveCfg = Debug|Any CPU
		{6CFAF19F-36C2-4FAB-A159-CBE82C1EE20B}.Debug|Any CPU.Build.0 = Debug|Any CPU
		{6CFAF19F-36C2-4FAB-A159-CBE82C1EE20B}.Release|Any CPU.ActiveCfg = Release|Any CPU
		{6CFAF19F-36C2-4FAB-A159-CBE82C1EE20B}.Release|Any CPU.Build.0 = Release|Any CPU
	EndGlobalSection
	GlobalSection(SolutionProperties) = preSolution
		HideSolutionNode = FALSE
	EndGlobalSection
	GlobalSection(ExtensibilityGlobals) = postSolution
		SolutionGuid = {C4B29BB8-5DDA-4651-8FCF-B84F70A08A2B}
	EndGlobalSection
EndGlobal
